
Microsoft Visual Studio Solution File, Format Version 12.00
Project("{FAE04EC0-301F-11D3-BF4B-00C04F79EFBC}") = "RevenueRecognition.Api", "RevenueRecognition.Api\RevenueRecognition.Api.csproj", "{57450E76-7353-4BF9-86C4-15014461E8BD}"
EndProject
Project("{FAE04EC0-301F-11D3-BF4B-00C04F79EFBC}") = "RevenueRecognition.Tests", "RevenueRecognition.Tests\RevenueRecognition.Tests.csproj", "{17EC3A95-D3BD-4D41-BFF3-1CB2CDEE20B5}"
EndProject
Global
	GlobalSection(SolutionConfigurationPlatforms) = preSolution
		Debug|Any CPU = Debug|Any CPU
		Release|Any CPU = Release|Any CPU
	EndGlobalSection
	GlobalSection(ProjectConfigurationPlatforms) = postSolution
		{57450E76-7353-4BF9-86C4-15014461E8BD}.Debug|Any CPU.ActiveCfg = Debug|Any CPU
		{57450E76-7353-4BF9-86C4-15014461E8BD}.Debug|Any CPU.Build.0 = Debug|Any CPU
		{57450E76-7353-4BF9-86C4-15014461E8BD}.Release|Any CPU.ActiveCfg = Release|Any CPU
		{57450E76-7353-4BF9-86C4-15014461E8BD}.Release|Any CPU.Build.0 = Release|Any CPU
		{17EC3A95-D3BD-4D41-BFF3-1CB2CDEE20B5}.Debug|Any CPU.ActiveCfg = Debug|Any CPU
		{17EC3A95-D3BD-4D41-BFF3-1CB2CDEE20B5}.Debug|Any CPU.Build.0 = Debug|Any CPU
		{17EC3A95-D3BD-4D41-BFF3-1CB2CDEE20B5}.Release|Any CPU.ActiveCfg = Release|Any CPU
		{17EC3A95-D3BD-4D41-BFF3-1CB2CDEE20B5}.Release|Any CPU.Build.0 = Release|Any CPU
	EndGlobalSection
EndGlobal
